
Microsoft Visual Studio Solution File, Format Version 12.00
# Visual Studio 2015
Project("{FAE04EC0-301F-11D3-BF4B-00C04F79EFBC}") = "gam111.3.CSharp.Plugins", "gam111.3.CSharp.Plugins.csproj", "{98FEB92B-4FBE-498C-C13A-CDC8F75EBA21}"
EndProject
Project("{FAE04EC0-301F-11D3-BF4B-00C04F79EFBC}") = "gam111.3.CSharp", "gam111.3.CSharp.csproj", "{D27E8121-BB76-BD0C-484E-724343E21203}"
EndProject
Project("{FAE04EC0-301F-11D3-BF4B-00C04F79EFBC}") = "gam111.3.CSharp.Editor", "gam111.3.CSharp.Editor.csproj", "{2A2A990F-06F0-F3FC-3C20-9E240D6B0C29}"
EndProject
Global
	GlobalSection(SolutionConfigurationPlatforms) = preSolution
		Debug|Any CPU = Debug|Any CPU
		Release|Any CPU = Release|Any CPU
	EndGlobalSection
	GlobalSection(ProjectConfigurationPlatforms) = postSolution
		{98FEB92B-4FBE-498C-C13A-CDC8F75EBA21}.Debug|Any CPU.ActiveCfg = Debug|Any CPU
		{98FEB92B-4FBE-498C-C13A-CDC8F75EBA21}.Debug|Any CPU.Build.0 = Debug|Any CPU
		{98FEB92B-4FBE-498C-C13A-CDC8F75EBA21}.Release|Any CPU.ActiveCfg = Release|Any CPU
		{98FEB92B-4FBE-498C-C13A-CDC8F75EBA21}.Release|Any CPU.Build.0 = Release|Any CPU
		{D27E8121-BB76-BD0C-484E-724343E21203}.Debug|Any CPU.ActiveCfg = Debug|Any CPU
		{D27E8121-BB76-BD0C-484E-724343E21203}.Debug|Any CPU.Build.0 = Debug|Any CPU
		{D27E8121-BB76-BD0C-484E-724343E21203}.Release|Any CPU.ActiveCfg = Release|Any CPU
		{D27E8121-BB76-BD0C-484E-724343E21203}.Release|Any CPU.Build.0 = Release|Any CPU
		{2A2A990F-06F0-F3FC-3C20-9E240D6B0C29}.Debug|Any CPU.ActiveCfg = Debug|Any CPU
		{2A2A990F-06F0-F3FC-3C20-9E240D6B0C29}.Debug|Any CPU.Build.0 = Debug|Any CPU
		{2A2A990F-06F0-F3FC-3C20-9E240D6B0C29}.Release|Any CPU.ActiveCfg = Release|Any CPU
		{2A2A990F-06F0-F3FC-3C20-9E240D6B0C29}.Release|Any CPU.Build.0 = Release|Any CPU
	EndGlobalSection
	GlobalSection(SolutionProperties) = preSolution
		HideSolutionNode = FALSE
	EndGlobalSection
EndGlobal
